lockfileVersion: '9.0'

settings:
  autoInstallPeers: true
  excludeLinksFromLockfile: false

importers:

  .:
    dependencies:
      csv:
        specifier: ^6.3.9
        version: 6.3.9
      csv-parse:
        specifier: ^5.5.6
        version: 5.5.6
      csv-parser:
        specifier: ^3.0.0
        version: 3.0.0
      csvtojson:
        specifier: ^2.0.10
        version: 2.0.10
      fs:
        specifier: 0.0.1-security
        version: 0.0.1-security

packages:

  bluebird@3.7.2:
    resolution: {integrity: sha512-XpNj6GDQzdfW+r2Wnn7xiSAd7TM3jzkxGXBGTtWKuSXv1xUV+azxAm8jdWZN06QTQk+2N2XB9jRDkvbmQmcRtg==}

  csv-generate@4.4.1:
    resolution: {integrity: sha512-O/einO0v4zPmXaOV+sYqGa02VkST4GP5GLpWBNHEouIU7pF3kpGf3D0kCCvX82ydIY4EKkOK+R8b1BYsRXravg==}

  csv-parse@5.5.6:
    resolution: {integrity: sha512-uNpm30m/AGSkLxxy7d9yRXpJQFrZzVWLFBkS+6ngPcZkw/5k3L/jjFuj7tVnEpRn+QgmiXr21nDlhCiUK4ij2A==}

  csv-parser@3.0.0:
    resolution: {integrity: sha512-s6OYSXAK3IdKqYO33y09jhypG/bSDHPuyCme/IdEHfWpLf/jKcpitVFyOC6UemgGk8v7Q5u2XE0vvwmanxhGlQ==}
    engines: {node: '>= 10'}
    hasBin: true

  csv-stringify@6.5.0:
    resolution: {integrity: sha512-edlXFVKcUx7r8Vx5zQucsuMg4wb/xT6qyz+Sr1vnLrdXqlLD1+UKyWNyZ9zn6mUW1ewmGxrpVwAcChGF0HQ/2Q==}

  csv@6.3.9:
    resolution: {integrity: sha512-eiN+Qu8NwSLxZYia6WzB8xlX/rAQ/8EgK5A4dIF7Bz96mzcr5dW1jlcNmjG0QWySWKfPdCerH3RQ96ZqqsE8cA==}
    engines: {node: '>= 0.1.90'}

  csvtojson@2.0.10:
    resolution: {integrity: sha512-lUWFxGKyhraKCW8Qghz6Z0f2l/PqB1W3AO0HKJzGIQ5JRSlR651ekJDiGJbBT4sRNNv5ddnSGVEnsxP9XRCVpQ==}
    engines: {node: '>=4.0.0'}
    hasBin: true

  fs@0.0.1-security:
    resolution: {integrity: sha512-3XY9e1pP0CVEUCdj5BmfIZxRBTSDycnbqhIOGec9QYtmVH2fbLpj86CFWkrNOkt/Fvty4KZG5lTglL9j/gJ87w==}

  is-utf8@0.2.1:
    resolution: {integrity: sha512-rMYPYvCzsXywIsldgLaSoPlw5PfoB/ssr7hY4pLfcodrA5M/eArza1a9VmTiNIBNMjOGr1Ow9mTyU2o69U6U9Q==}

  lodash@4.17.21:
    resolution: {integrity: sha512-v2kDEe57lecTulaDIuNTPy3Ry4gLGJ6Z1O3vE1krgXZNrsQ+LFTGHVxVjcXPs17LhbZVGedAJv8XZ1tvj5FvSg==}

  minimist@1.2.8:
    resolution: {integrity: sha512-2yyAR8qBkN3YuheJanUpWC5U3bb5osDywNB8RzDVlDwDHbocAJveqqj1u8+SVD7jkWT4yvsHCpWqqWqAxb0zCA==}

  stream-transform@3.3.2:
    resolution: {integrity: sha512-v64PUnPy9Qw94NGuaEMo+9RHQe4jTBYf+NkTtqkCgeuiNo8NlL0LtLR7fkKWNVFtp3RhIm5Dlxkgm5uz7TDimQ==}

  strip-bom@2.0.0:
    resolution: {integrity: sha512-kwrX1y7czp1E69n2ajbG65mIo9dqvJ+8aBQXOGVxqwvNbsXdFM6Lq37dLAY3mknUwru8CfcCbfOLL/gMo+fi3g==}
    engines: {node: '>=0.10.0'}

snapshots:

  bluebird@3.7.2: {}

  csv-generate@4.4.1: {}

  csv-parse@5.5.6: {}

  csv-parser@3.0.0:
    dependencies:
      minimist: 1.2.8

  csv-stringify@6.5.0: {}

  csv@6.3.9:
    dependencies:
      csv-generate: 4.4.1
      csv-parse: 5.5.6
      csv-stringify: 6.5.0
      stream-transform: 3.3.2

  csvtojson@2.0.10:
    dependencies:
      bluebird: 3.7.2
      lodash: 4.17.21
      strip-bom: 2.0.0

  fs@0.0.1-security: {}

  is-utf8@0.2.1: {}

  lodash@4.17.21: {}

  minimist@1.2.8: {}

  stream-transform@3.3.2: {}

  strip-bom@2.0.0:
    dependencies:
      is-utf8: 0.2.1
